
Microsoft Visual Studio Solution File, Format Version 12.00
# Visual Studio Version 16
VisualStudioVersion = 16.0.36422.26
MinimumVisualStudioVersion = 10.0.40219.1
Project("{8BC9CEB8-8B4A-11D0-8D11-00A0C91BC942}") = "김시환2021111935실습3_Optab", "김시환2021111935실습3_Optab.vcxproj", "{85273281-1573-405D-B42A-7586D2182496}"
EndProject
Global
	GlobalSection(SolutionConfigurationPlatforms) = preSolution
		Debug|x64 = Debug|x64
		Debug|x86 = Debug|x86
		Release|x64 = Release|x64
		Release|x86 = Release|x86
	EndGlobalSection
	GlobalSection(ProjectConfigurationPlatforms) = postSolution
		{85273281-1573-405D-B42A-7586D2182496}.Debug|x64.ActiveCfg = Debug|x64
		{85273281-1573-405D-B42A-7586D2182496}.Debug|x64.Build.0 = Debug|x64
		{85273281-1573-405D-B42A-7586D2182496}.Debug|x86.ActiveCfg = Debug|Win32
		{85273281-1573-405D-B42A-7586D2182496}.Debug|x86.Build.0 = Debug|Win32
		{85273281-1573-405D-B42A-7586D2182496}.Release|x64.ActiveCfg = Release|x64
		{85273281-1573-405D-B42A-7586D2182496}.Release|x64.Build.0 = Release|x64
		{85273281-1573-405D-B42A-7586D2182496}.Release|x86.ActiveCfg = Release|Win32
		{85273281-1573-405D-B42A-7586D2182496}.Release|x86.Build.0 = Release|Win32
	EndGlobalSection
	GlobalSection(SolutionProperties) = preSolution
		HideSolutionNode = FALSE
	EndGlobalSection
	GlobalSection(ExtensibilityGlobals) = postSolution
		SolutionGuid = {4888DC40-6CEF-446F-98C4-ED04B2D24B26}
	EndGlobalSection
EndGlobal
